
Microsoft Visual Studio Solution File, Format Version 12.00
# Visual Studio Version 17
VisualStudioVersion = 17.4.33213.308
MinimumVisualStudioVersion = 10.0.40219.1
Project("{9A19103F-16F7-4668-BE54-9A1E7A4F7556}") = "TestZeroHack", "TestZeroHack\TestZeroHack.csproj", "{0CB184B9-0D34-450B-B8AD-B00F53F2CFEC}"
EndProject
Project("{FAE04EC0-301F-11D3-BF4B-00C04F79EFBC}") = "TestZeroPaymentService", "TestZeroRecurringPaymentProcessor\TestZeroPaymentService.csproj", "{446F2035-0AD0-4895-8799-84B983F64927}"
EndProject
Project("{FAE04EC0-301F-11D3-BF4B-00C04F79EFBC}") = "TestZeroSubscriptionService", "TestZeroSubscriptionService\TestZeroSubscriptionService.csproj", "{C0DC5632-0D68-4201-83E6-ED04E463EDA7}"
EndProject
Project("{FAE04EC0-301F-11D3-BF4B-00C04F79EFBC}") = "TestZeroRecordService", "TestZeroRecordService\TestZeroRecordService.csproj", "{6F0F803C-6401-42A9-BB5A-B200FE7CA09A}"
EndProject
Global
	GlobalSection(SolutionConfigurationPlatforms) = preSolution
		Debug|Any CPU = Debug|Any CPU
		Release|Any CPU = Release|Any CPU
	EndGlobalSection
	GlobalSection(ProjectConfigurationPlatforms) = postSolution
		{0CB184B9-0D34-450B-B8AD-B00F53F2CFEC}.Debug|Any CPU.ActiveCfg = Debug|Any CPU
		{0CB184B9-0D34-450B-B8AD-B00F53F2CFEC}.Debug|Any CPU.Build.0 = Debug|Any CPU
		{0CB184B9-0D34-450B-B8AD-B00F53F2CFEC}.Release|Any CPU.ActiveCfg = Release|Any CPU
		{0CB184B9-0D34-450B-B8AD-B00F53F2CFEC}.Release|Any CPU.Build.0 = Release|Any CPU
		{446F2035-0AD0-4895-8799-84B983F64927}.Debug|Any CPU.ActiveCfg = Debug|Any CPU
		{446F2035-0AD0-4895-8799-84B983F64927}.Debug|Any CPU.Build.0 = Debug|Any CPU
		{446F2035-0AD0-4895-8799-84B983F64927}.Release|Any CPU.ActiveCfg = Release|Any CPU
		{446F2035-0AD0-4895-8799-84B983F64927}.Release|Any CPU.Build.0 = Release|Any CPU
		{C0DC5632-0D68-4201-83E6-ED04E463EDA7}.Debug|Any CPU.ActiveCfg = Debug|Any CPU
		{C0DC5632-0D68-4201-83E6-ED04E463EDA7}.Debug|Any CPU.Build.0 = Debug|Any CPU
		{C0DC5632-0D68-4201-83E6-ED04E463EDA7}.Release|Any CPU.ActiveCfg = Release|Any CPU
		{C0DC5632-0D68-4201-83E6-ED04E463EDA7}.Release|Any CPU.Build.0 = Release|Any CPU
		{6F0F803C-6401-42A9-BB5A-B200FE7CA09A}.Debug|Any CPU.ActiveCfg = Debug|Any CPU
		{6F0F803C-6401-42A9-BB5A-B200FE7CA09A}.Debug|Any CPU.Build.0 = Debug|Any CPU
		{6F0F803C-6401-42A9-BB5A-B200FE7CA09A}.Release|Any CPU.ActiveCfg = Release|Any CPU
		{6F0F803C-6401-42A9-BB5A-B200FE7CA09A}.Release|Any CPU.Build.0 = Release|Any CPU
	EndGlobalSection
	GlobalSection(SolutionProperties) = preSolution
		HideSolutionNode = FALSE
	EndGlobalSection
	GlobalSection(ExtensibilityGlobals) = postSolution
		SolutionGuid = {4118D5C0-641C-4424-B03C-465CB75335ED}
	EndGlobalSection
EndGlobal
